// !$*UTF8*$!
{
	archiveVersion = 1;
	classes = {
	};
	objectVersion = 48;
	objects = {

/* Begin PBXBuildFile section */
		30A484321F83F8A000896AC2 /* AppDelegate.swift in Sources */ = {isa = PBXBuildFile; fileRef = 30A484311F83F8A000896AC2 /* AppDelegate.swift */; };
		30A484341F83F8A000896AC2 /* ViewController.swift in Sources */ = {isa = PBXBuildFile; fileRef = 30A484331F83F8A000896AC2 /* ViewController.swift */; };
		30A484371F83F8A000896AC2 /* Main.storyboard in Resources */ = {isa = PBXBuildFile; fileRef = 30A484351F83F8A000896AC2 /* Main.storyboard */; };
		30A484391F83F8A000896AC2 /* Assets.xcassets in Resources */ = {isa = PBXBuildFile; fileRef = 30A484381F83F8A000896AC2 /* Assets.xcassets */; };
		30A4843C1F83F8A100896AC2 /* LaunchScreen.storyboard in Resources */ = {isa = PBXBuildFile; fileRef = 30A4843A1F83F8A100896AC2 /* LaunchScreen.storyboard */; };
		787C26F9A5C6FA0101B97A96 /* Pods_SUPERTAXI.framework in Frameworks */ = {isa = PBXBuildFile; fileRef = 157A51032A51591909CCFB70 /* Pods_SUPERTAXI.framework */; };
/* End PBXBuildFile section */

/* Begin PBXFileReference section */
		07A7E694031A61BF72205085 /* Pods-SUPERTAXI.debug.xcconfig */ = {isa = PBXFileReference; includeInIndex = 1; lastKnownFileType = text.xcconfig; name = "Pods-SUPERTAXI.debug.xcconfig"; path = "Pods/Target Support Files/Pods-SUPERTAXI/Pods-SUPERTAXI.debug.xcconfig"; sourceTree = "<group>"; };
		157A51032A51591909CCFB70 /* Pods_SUPERTAXI.framework */ = {isa = PBXFileReference; explicitFileType = wrapper.framework; includeInIndex = 0; path = Pods_SUPERTAXI.framework; sourceTree = BUILT_PRODUCTS_DIR; };
		30A4842E1F83F8A000896AC2 /* SUPERTAXI.app */ = {isa = PBXFileReference; explicitFileType = wrapper.application; includeInIndex = 0; path = SUPERTAXI.app; sourceTree = BUILT_PRODUCTS_DIR; };
		30A484311F83F8A000896AC2 /* AppDelegate.swift */ = {isa = PBXFileReference; lastKnownFileType = sourcecode.swift; path = AppDelegate.swift; sourceTree = "<group>"; };
		30A484331F83F8A000896AC2 /* ViewController.swift */ = {isa = PBXFileReference; lastKnownFileType = sourcecode.swift; path = ViewController.swift; sourceTree = "<group>"; };
		30A484361F83F8A000896AC2 /* Base */ = {isa = PBXFileReference; lastKnownFileType = file.storyboard; name = Base; path = Base.lproj/Main.storyboard; sourceTree = "<group>"; };
		30A484381F83F8A000896AC2 /* Assets.xcassets */ = {isa = PBXFileReference; lastKnownFileType = folder.assetcatalog; path = Assets.xcassets; sourceTree = "<group>"; };
		30A4843B1F83F8A100896AC2 /* Base */ = {isa = PBXFileReference; lastKnownFileType = file.storyboard; name = Base; path = Base.lproj/LaunchScreen.storyboard; sourceTree = "<group>"; };
		30A4843D1F83F8A100896AC2 /* Info.plist */ = {isa = PBXFileReference; lastKnownFileType = text.plist.xml; path = Info.plist; sourceTree = "<group>"; };
		772D2139B5118A13BE4AA45C /* Pods-SUPERTAXI.release.xcconfig */ = {isa = PBXFileReference; includeInIndex = 1; lastKnownFileType = text.xcconfig; name = "Pods-SUPERTAXI.release.xcconfig"; path = "Pods/Target Support Files/Pods-SUPERTAXI/Pods-SUPERTAXI.release.xcconfig"; sourceTree = "<group>"; };
/* End PBXFileReference section */

/* Begin PBXFrameworksBuildPhase section */
		30A4842B1F83F8A000896AC2 /* Frameworks */ = {
			isa = PBXFrameworksBuildPhase;
			buildActionMask = 2147483647;
			files = (
				787C26F9A5C6FA0101B97A96 /* Pods_SUPERTAXI.framework in Frameworks */,
			);
			runOnlyForDeploymentPostprocessing = 0;
		};
/* End PBXFrameworksBuildPhase section */

/* Begin PBXGroup section */
		304384881F8610FB00F07915 /* Controller */ = {
			isa = PBXGroup;
			children = (
			);
			path = Controller;
			sourceTree = "<group>";
		};
		3043848A1F86118000F07915 /* Protocols */ = {
			isa = PBXGroup;
			children = (
			);
			path = Protocols;
			sourceTree = "<group>";
		};
		3043848B1F8611A700F07915 /* Model */ = {
			isa = PBXGroup;
			children = (
			);
			path = Model;
			sourceTree = "<group>";
		};
		3043848C1F8611B300F07915 /* View */ = {
			isa = PBXGroup;
			children = (
			);
			path = View;
			sourceTree = "<group>";
		};
		3043848D1F8611BF00F07915 /* Services */ = {
			isa = PBXGroup;
			children = (
			);
			path = Services;
			sourceTree = "<group>";
		};
		3043848E1F86165400F07915 /* Extensions */ = {
			isa = PBXGroup;
			children = (
			);
			path = Extensions;
			sourceTree = "<group>";
		};
		30A484251F83F89F00896AC2 = {
			isa = PBXGroup;
			children = (
				30A484301F83F8A000896AC2 /* SUPERTAXI */,
				30A4842F1F83F8A000896AC2 /* Products */,
				EF9F543ED98BE387D87F722E /* Pods */,
				B01E163121DDC9E3457E5F7E /* Frameworks */,
			);
			sourceTree = "<group>";
		};
		30A4842F1F83F8A000896AC2 /* Products */ = {
			isa = PBXGroup;
			children = (
				30A4842E1F83F8A000896AC2 /* SUPERTAXI.app */,
			);
			name = Products;
			sourceTree = "<group>";
		};
		30A484301F83F8A000896AC2 /* SUPERTAXI */ = {
			isa = PBXGroup;
			children = (
				3043848E1F86165400F07915 /* Extensions */,
				3043848D1F8611BF00F07915 /* Services */,
				3043848C1F8611B300F07915 /* View */,
				3043848B1F8611A700F07915 /* Model */,
				3043848A1F86118000F07915 /* Protocols */,
				304384881F8610FB00F07915 /* Controller */,
				30A484311F83F8A000896AC2 /* AppDelegate.swift */,
				30A484331F83F8A000896AC2 /* ViewController.swift */,
				30A484351F83F8A000896AC2 /* Main.storyboard */,
				30A484381F83F8A000896AC2 /* Assets.xcassets */,
				30A4843A1F83F8A100896AC2 /* LaunchScreen.storyboard */,
				30A4843D1F83F8A100896AC2 /* Info.plist */,
			);
			path = SUPERTAXI;
			sourceTree = "<group>";
		};
		B01E163121DDC9E3457E5F7E /* Frameworks */ = {
			isa = PBXGroup;
			children = (
				157A51032A51591909CCFB70 /* Pods_SUPERTAXI.framework */,
			);
			name = Frameworks;
			sourceTree = "<group>";
		};
		EF9F543ED98BE387D87F722E /* Pods */ = {
			isa = PBXGroup;
			children = (
				07A7E694031A61BF72205085 /* Pods-SUPERTAXI.debug.xcconfig */,
				772D2139B5118A13BE4AA45C /* Pods-SUPERTAXI.release.xcconfig */,
			);
			name = Pods;
			sourceTree = "<group>";
		};
/* End PBXGroup section */

/* Begin PBXNativeTarget section */
		30A4842D1F83F8A000896AC2 /* SUPERTAXI */ = {
			isa = PBXNativeTarget;
			buildConfigurationList = 30A484401F83F8A100896AC2 /* Build configuration list for PBXNativeTarget "SUPERTAXI" */;
			buildPhases = (
				12178E8D864537B76BBB882C /* [CP] Check Pods Manifest.lock */,
				30A4842A1F83F8A000896AC2 /* Sources */,
				30A4842B1F83F8A000896AC2 /* Frameworks */,
				30A4842C1F83F8A000896AC2 /* Resources */,
				749355CEAC9C96DF124942C7 /* [CP] Embed Pods Frameworks */,
				1ADE3FEEF2938FF659BEB36E /* [CP] Copy Pods Resources */,
			);
			buildRules = (
			);
			dependencies = (
			);
			name = SUPERTAXI;
			productName = SUPERTAXI;
			productReference = 30A4842E1F83F8A000896AC2 /* SUPERTAXI.app */;
			productType = "com.apple.product-type.application";
		};
/* End PBXNativeTarget section */

/* Begin PBXProject section */
		30A484261F83F89F00896AC2 /* Project object */ = {
			isa = PBXProject;
			attributes = {
				LastSwiftUpdateCheck = 0910;
				LastUpgradeCheck = 0910;
				ORGANIZATIONNAME = Rkhorenko;
				TargetAttributes = {
					30A4842D1F83F8A000896AC2 = {
						CreatedOnToolsVersion = 9.1;
						LastSwiftMigration = 0910;
						ProvisioningStyle = Automatic;
					};
				};
			};
			buildConfigurationList = 30A484291F83F89F00896AC2 /* Build configuration list for PBXProject "SUPERTAXI" */;
			compatibilityVersion = "Xcode 8.0";
			developmentRegion = en;
			hasScannedForEncodings = 0;
			knownRegions = (
				en,
				Base,
			);
			mainGroup = 30A484251F83F89F00896AC2;
			productRefGroup = 30A4842F1F83F8A000896AC2 /* Products */;
			projectDirPath = "";
			projectRoot = "";
			targets = (
				30A4842D1F83F8A000896AC2 /* SUPERTAXI */,
			);
		};
/* End PBXProject section */

/* Begin PBXResourcesBuildPhase section */
		30A4842C1F83F8A000896AC2 /* Resources */ = {
			isa = PBXResourcesBuildPhase;
			buildActionMask = 2147483647;
			files = (
				30A4843C1F83F8A100896AC2 /* LaunchScreen.storyboard in Resources */,
				30A484391F83F8A000896AC2 /* Assets.xcassets in Resources */,
				30A484371F83F8A000896AC2 /* Main.storyboard in Resources */,
			);
			runOnlyForDeploymentPostprocessing = 0;
		};
/* End PBXResourcesBuildPhase section */

/* Begin PBXShellScriptBuildPhase section */
		12178E8D864537B76BBB882C /* [CP] Check Pods Manifest.lock */ = {
			isa = PBXShellScriptBuildPhase;
			buildActionMask = 2147483647;
			files = (
			);
			inputPaths = (
			);
			name = "[CP] Check Pods Manifest.lock";
			outputPaths = (
			);
			runOnlyForDeploymentPostprocessing = 0;
			shellPath = /bin/sh;
			shellScript = "diff \"${PODS_PODFILE_DIR_PATH}/Podfile.lock\" \"${PODS_ROOT}/Manifest.lock\" > /dev/null\nif [ $? != 0 ] ; then\n    # print error to STDERR\n    echo \"error: The sandbox is not in sync with the Podfile.lock. Run 'pod install' or update your CocoaPods installation.\" >&2\n    exit 1\nfi\n";
			showEnvVarsInLog = 0;
		};
		1ADE3FEEF2938FF659BEB36E /* [CP] Copy Pods Resources */ = {
			isa = PBXShellScriptBuildPhase;
			buildActionMask = 2147483647;
			files = (
			);
			inputPaths = (
			);
			name = "[CP] Copy Pods Resources";
			outputPaths = (
			);
			runOnlyForDeploymentPostprocessing = 0;
			shellPath = /bin/sh;
			shellScript = "\"${SRCROOT}/Pods/Target Support Files/Pods-SUPERTAXI/Pods-SUPERTAXI-resources.sh\"\n";
			showEnvVarsInLog = 0;
		};
		749355CEAC9C96DF124942C7 /* [CP] Embed Pods Frameworks */ = {
			isa = PBXShellScriptBuildPhase;
			buildActionMask = 2147483647;
			files = (
			);
			inputPaths = (
			);
			name = "[CP] Embed Pods Frameworks";
			outputPaths = (
			);
			runOnlyForDeploymentPostprocessing = 0;
			shellPath = /bin/sh;
			shellScript = "\"${SRCROOT}/Pods/Target Support Files/Pods-SUPERTAXI/Pods-SUPERTAXI-frameworks.sh\"\n";
			showEnvVarsInLog = 0;
		};
/* End PBXShellScriptBuildPhase section */

/* Begin PBXSourcesBuildPhase section */
		30A4842A1F83F8A000896AC2 /* Sources */ = {
			isa = PBXSourcesBuildPhase;
			buildActionMask = 2147483647;
			files = (
				30A484341F83F8A000896AC2 /* ViewController.swift in Sources */,
				30A484321F83F8A000896AC2 /* AppDelegate.swift in Sources */,
			);
			runOnlyForDeploymentPostprocessing = 0;
		};
/* End PBXSourcesBuildPhase section */

/* Begin PBXVariantGroup section */
		30A484351F83F8A000896AC2 /* Main.storyboard */ = {
			isa = PBXVariantGroup;
			children = (
				30A484361F83F8A000896AC2 /* Base */,
			);
			name = Main.storyboard;
			sourceTree = "<group>";
		};
		30A4843A1F83F8A100896AC2 /* LaunchScreen.storyboard */ = {
			isa = PBXVariantGroup;
			children = (
				30A4843B1F83F8A100896AC2 /* Base */,
			);
			name = LaunchScreen.storyboard;
			sourceTree = "<group>";
		};
/* End PBXVariantGroup section */

/* Begin XCBuildConfiguration section */
		30A4843E1F83F8A100896AC2 /* Debug */ = {
			isa = XCBuildConfiguration;
			buildSettings = {
				ALWAYS_SEARCH_USER_PATHS = NO;
				CLANG_ANALYZER_NONNULL = YES;
				CLANG_ANALYZER_NUMBER_OBJECT_CONVERSION = YES_AGGRESSIVE;
				CLANG_CXX_LANGUAGE_STANDARD = "gnu++14";
				CLANG_CXX_LIBRARY = "libc++";
				CLANG_ENABLE_MODULES = YES;
				CLANG_ENABLE_OBJC_ARC = YES;
				CLANG_WARN_BLOCK_CAPTURE_AUTORELEASING = YES;
				CLANG_WARN_BOOL_CONVERSION = YES;
				CLANG_WARN_COMMA = YES;
				CLANG_WARN_CONSTANT_CONVERSION = YES;
				CLANG_WARN_DIRECT_OBJC_ISA_USAGE = YES_ERROR;
				CLANG_WARN_DOCUMENTATION_COMMENTS = YES;
				CLANG_WARN_EMPTY_BODY = YES;
				CLANG_WARN_ENUM_CONVERSION = YES;
				CLANG_WARN_INFINITE_RECURSION = YES;
				CLANG_WARN_INT_CONVERSION = YES;
				CLANG_WARN_NON_LITERAL_NULL_CONVERSION = YES;
				CLANG_WARN_OBJC_LITERAL_CONVERSION = YES;
				CLANG_WARN_OBJC_ROOT_CLASS = YES_ERROR;
				CLANG_WARN_RANGE_LOOP_ANALYSIS = YES;
				CLANG_WARN_STRICT_PROTOTYPES = YES;
				CLANG_WARN_SUSPICIOUS_MOVE = YES;
				CLANG_WARN_UNGUARDED_AVAILABILITY = YES_AGGRESSIVE;
				CLANG_WARN_UNREACHABLE_CODE = YES;
				CLANG_WARN__DUPLICATE_METHOD_MATCH = YES;
				CODE_SIGN_IDENTITY = "iPhone Developer";
				COPY_PHASE_STRIP = NO;
				DEBUG_INFORMATION_FORMAT = dwarf;
				ENABLE_STRICT_OBJC_MSGSEND = YES;
				ENABLE_TESTABILITY = YES;
				GCC_C_LANGUAGE_STANDARD = gnu11;
				GCC_DYNAMIC_NO_PIC = NO;
				GCC_NO_COMMON_BLOCKS = YES;
				GCC_OPTIMIZATION_LEVEL = 0;
				GCC_PREPROCESSOR_DEFINITIONS = (
					"DEBUG=1",
					"$(inherited)",
				);
				GCC_WARN_64_TO_32_BIT_CONVERSION = YES;
				GCC_WARN_ABOUT_RETURN_TYPE = YES_ERROR;
				GCC_WARN_UNDECLARED_SELECTOR = YES;
				GCC_WARN_UNINITIALIZED_AUTOS = YES_AGGRESSIVE;
				GCC_WARN_UNUSED_FUNCTION = YES;
				GCC_WARN_UNUSED_VARIABLE = YES;
				IPHONEOS_DEPLOYMENT_TARGET = 9.3;
				MTL_ENABLE_DEBUG_INFO = YES;
				ONLY_ACTIVE_ARCH = YES;
				SDKROOT = iphoneos;
				SWIFT_ACTIVE_COMPILATION_CONDITIONS = DEBUG;
				SWIFT_OPTIMIZATION_LEVEL = "-Onone";
			};
			name = Debug;
		};
		30A4843F1F83F8A100896AC2 /* Release */ = {
			isa = XCBuildConfiguration;
			buildSettings = {
				ALWAYS_SEARCH_USER_PATHS = NO;
				CLANG_ANALYZER_NONNULL = YES;
				CLANG_ANALYZER_NUMBER_OBJECT_CONVERSION = YES_AGGRESSIVE;
				CLANG_CXX_LANGUAGE_STANDARD = "gnu++14";
				CLANG_CXX_LIBRARY = "libc++";
				CLANG_ENABLE_MODULES = YES;
				CLANG_ENABLE_OBJC_ARC = YES;
				CLANG_WARN_BLOCK_CAPTURE_AUTORELEASING = YES;
				CLANG_WARN_BOOL_CONVERSION = YES;
				CLANG_WARN_COMMA = YES;
				CLANG_WARN_CONSTANT_CONVERSION = YES;
				CLANG_WARN_DIRECT_OBJC_ISA_USAGE = YES_ERROR;
				CLANG_WARN_DOCUMENTATION_COMMENTS = YES;
				CLANG_WARN_EMPTY_BODY = YES;
				CLANG_WARN_ENUM_CONVERSION = YES;
				CLANG_WARN_INFINITE_RECURSION = YES;
				CLANG_WARN_INT_CONVERSION = YES;
				CLANG_WARN_NON_LITERAL_NULL_CONVERSION = YES;
				CLANG_WARN_OBJC_LITERAL_CONVERSION = YES;
				CLANG_WARN_OBJC_ROOT_CLASS = YES_ERROR;
				CLANG_WARN_RANGE_LOOP_ANALYSIS = YES;
				CLANG_WARN_STRICT_PROTOTYPES = YES;
				CLANG_WARN_SUSPICIOUS_MOVE = YES;
				CLANG_WARN_UNGUARDED_AVAILABILITY = YES_AGGRESSIVE;
				CLANG_WARN_UNREACHABLE_CODE = YES;
				CLANG_WARN__DUPLICATE_METHOD_MATCH = YES;
				CODE_SIGN_IDENTITY = "iPhone Developer";
				COPY_PHASE_STRIP = NO;
				DEBUG_INFORMATION_FORMAT = "dwarf-with-dsym";
				ENABLE_NS_ASSERTIONS = NO;
				ENABLE_STRICT_OBJC_MSGSEND = YES;
				GCC_C_LANGUAGE_STANDARD = gnu11;
				GCC_NO_COMMON_BLOCKS = YES;
				GCC_WARN_64_TO_32_BIT_CONVERSION = YES;
				GCC_WARN_ABOUT_RETURN_TYPE = YES_ERROR;
				GCC_WARN_UNDECLARED_SELECTOR = YES;
				GCC_WARN_UNINITIALIZED_AUTOS = YES_AGGRESSIVE;
				GCC_WARN_UNUSED_FUNCTION = YES;
				GCC_WARN_UNUSED_VARIABLE = YES;
				IPHONEOS_DEPLOYMENT_TARGET = 9.3;
				MTL_ENABLE_DEBUG_INFO = NO;
				SDKROOT = iphoneos;
				SWIFT_OPTIMIZATION_LEVEL = "-Owholemodule";
				VALIDATE_PRODUCT = YES;
			};
			name = Release;
		};
		30A484411F83F8A100896AC2 /* Debug */ = {
			isa = XCBuildConfiguration;
			baseConfigurationReference = 07A7E694031A61BF72205085 /* Pods-SUPERTAXI.debug.xcconfig */;
			buildSettings = {
				ASSETCATALOG_COMPILER_APPICON_NAME = AppIcon;
				CODE_SIGN_STYLE = Automatic;
				DEVELOPMENT_TEAM = AMG5752JL7;
				INFOPLIST_FILE = SUPERTAXI/Info.plist;
				IPHONEOS_DEPLOYMENT_TARGET = 9.0;
				LD_RUNPATH_SEARCH_PATHS = "$(inherited) @executable_path/Frameworks";
				PRODUCT_BUNDLE_IDENTIFIER = com.eu.SUPERTAXI;
				PRODUCT_NAME = "$(TARGET_NAME)";
				SWIFT_SWIFT3_OBJC_INFERENCE = On;
				SWIFT_VERSION = 4.0;
				TARGETED_DEVICE_FAMILY = "1,2";
			};
			name = Debug;
		};
		30A484421F83F8A100896AC2 /* Release */ = {
			isa = XCBuildConfiguration;
			baseConfigurationReference = 772D2139B5118A13BE4AA45C /* Pods-SUPERTAXI.release.xcconfig */;
			buildSettings = {
				ASSETCATALOG_COMPILER_APPICON_NAME = AppIcon;
				CODE_SIGN_STYLE = Automatic;
				DEVELOPMENT_TEAM = AMG5752JL7;
				INFOPLIST_FILE = SUPERTAXI/Info.plist;
				IPHONEOS_DEPLOYMENT_TARGET = 9.0;
				LD_RUNPATH_SEARCH_PATHS = "$(inherited) @executable_path/Frameworks";
				PRODUCT_BUNDLE_IDENTIFIER = com.eu.SUPERTAXI;
				PRODUCT_NAME = "$(TARGET_NAME)";
				SWIFT_SWIFT3_OBJC_INFERENCE = On;
				SWIFT_VERSION = 4.0;
				TARGETED_DEVICE_FAMILY = "1,2";
			};
			name = Release;
		};
/* End XCBuildConfiguration section */

/* Begin XCConfigurationList section */
		30A484291F83F89F00896AC2 /* Build configuration list for PBXProject "SUPERTAXI" */ = {
			isa = XCConfigurationList;
			buildConfigurations = (
				30A4843E1F83F8A100896AC2 /* Debug */,
				30A4843F1F83F8A100896AC2 /* Release */,
			);
			defaultConfigurationIsVisible = 0;
			defaultConfigurationName = Release;
		};
		30A484401F83F8A100896AC2 /* Build configuration list for PBXNativeTarget "SUPERTAXI" */ = {
			isa = XCConfigurationList;
			buildConfigurations = (
				30A484411F83F8A100896AC2 /* Debug */,
				30A484421F83F8A100896AC2 /* Release */,
			);
			defaultConfigurationIsVisible = 0;
			defaultConfigurationName = Release;
		};
/* End XCConfigurationList section */
	};
	rootObject = 30A484261F83F89F00896AC2 /* Project object */;
}
